# Generated for the Ubuntu x86_64 / CPython 3.11 cross-browser release gate.
# Every transitive wheel is hash-pinned so CI cannot silently resolve a
# different browser controller or native greenlet build.
playwright==1.60.0 \
    --hash=sha256:1c2bfae7884fb3fb05b853290eab8f343d524e5016f2f1def702acbbdf14c93e
pyee==13.0.0 \
    --hash=sha256:48195a3cddb3b1515ce0695ed76036b5ccc2ef3a9f963ff9f77aec0139845498
greenlet==3.3.2 \
    --hash=sha256:8e2cd90d413acbf5e77ae41e5d3c9b3ac1d011a756d7284d7f3f2b806bbd6358
typing-extensions==4.15.0 \
    --hash=sha256:f0fa19c6845758ab08074a0cfa8b7aecb71c999ca73d62883bc25cc018c4e548
