# Runtime wheels for the digest-pinned CPython 3.11 Debian image. Both Linux
# x86_64 and aarch64 are explicit; source distributions and unrecorded wheels
# fail closed under pip --require-hashes --only-binary.
cryptography==46.0.7 \
    --hash=sha256:5ad9ef796328c5e3c4ceed237a183f5d41d21150f972455a9d926593a1dcb308 \
    --hash=sha256:420b1e4109cc95f0e5700eed79908cef9268265c773d3a66f7af1eef53d409ef \
    --hash=sha256:42a1e5f98abb6391717978baf9f90dc28a743b7d9be7f0751a6f56a75d14065b \
    --hash=sha256:b36a4695e29fe69215d75960b22577197aca3f7a25b9cf9d165dcfe9d80bc325 \
    --hash=sha256:73510b83623e080a2c35c62c15298096e2a5dc8d51c3b4e1740211839d0dea77 \
    --hash=sha256:8a469028a86f12eb7d2fe97162d0634026d92a21f3ae0ac87ed1c4a447886c83
cffi==2.1.1 \
    --hash=sha256:34e261f78cb6ceaaa36f42f2613f4380d94d9c759a9c73c769ee6e0247364632 \
    --hash=sha256:3311ed60d36f83378794e1009ac6258bafbf81f7888b4caa7b35a521e3f95813
pycparser==3.0 \
    --hash=sha256:b727414169a36b7d524c1c3e31839a521725078d7b2ff038656844266160a992
